// !$*UTF8*$!
{
	archiveVersion = 1;
	classes = {
	};
	objectVersion = 48;
	objects = {

/* Begin PBXBuildFile section */
		4257688F1FF8D7A600EA5DCA /* SudokuTest.swift in Sources */ = {isa = PBXBuildFile; fileRef = 4257688E1FF8D7A600EA5DCA /* SudokuTest.swift */; };
		427F38041FF55E670075228E /* main.swift in Sources */ = {isa = PBXBuildFile; fileRef = 427F38031FF55E670075228E /* main.swift */; };
		427F380B1FF55E8A0075228E /* sudoku.swift in Sources */ = {isa = PBXBuildFile; fileRef = 427F380A1FF55E8A0075228E /* sudoku.swift */; };
		42AF42A91FF8DE6500E695DF /* main.swift in Sources */ = {isa = PBXBuildFile; fileRef = 427F38031FF55E670075228E /* main.swift */; };
		42AF42AA1FF8DE6800E695DF /* sudoku.swift in Sources */ = {isa = PBXBuildFile; fileRef = 427F380A1FF55E8A0075228E /* sudoku.swift */; };
/* End PBXBuildFile section */

/* Begin PBXCopyFilesBuildPhase section */
		427F37FE1FF55E670075228E /* CopyFiles */ = {
			isa = PBXCopyFilesBuildPhase;
			buildActionMask = 2147483647;
			dstPath = /usr/share/man/man1/;
			dstSubfolderSpec = 0;
			files = (
			);
			runOnlyForDeploymentPostprocessing = 1;
		};
/* End PBXCopyFilesBuildPhase section */

/* Begin PBXFileReference section */
		4257688C1FF8D7A600EA5DCA /* SudokuTest.xctest */ = {isa = PBXFileReference; explicitFileType = wrapper.cfbundle; includeInIndex = 0; path = SudokuTest.xctest; sourceTree = BUILT_PRODUCTS_DIR; };
		4257688E1FF8D7A600EA5DCA /* SudokuTest.swift */ = {isa = PBXFileReference; lastKnownFileType = sourcecode.swift; path = SudokuTest.swift; sourceTree = "<group>"; };
		425768901FF8D7A600EA5DCA /* Info.plist */ = {isa = PBXFileReference; lastKnownFileType = text.plist.xml; path = Info.plist; sourceTree = "<group>"; };
		427F38001FF55E670075228E /* sudoku */ = {isa = PBXFileReference; explicitFileType = "compiled.mach-o.executable"; includeInIndex = 0; path = sudoku; sourceTree = BUILT_PRODUCTS_DIR; };
		427F38031FF55E670075228E /* main.swift */ = {isa = PBXFileReference; lastKnownFileType = sourcecode.swift; path = main.swift; sourceTree = "<group>"; };
		427F380A1FF55E8A0075228E /* sudoku.swift */ = {isa = PBXFileReference; lastKnownFileType = sourcecode.swift; path = sudoku.swift; sourceTree = "<group>"; };
/* End PBXFileReference section */

/* Begin PBXFrameworksBuildPhase section */
		425768891FF8D7A600EA5DCA /* Frameworks */ = {
			isa = PBXFrameworksBuildPhase;
			buildActionMask = 2147483647;
			files = (
			);
			runOnlyForDeploymentPostprocessing = 0;
		};
		427F37FD1FF55E670075228E /* Frameworks */ = {
			isa = PBXFrameworksBuildPhase;
			buildActionMask = 2147483647;
			files = (
			);
			runOnlyForDeploymentPostprocessing = 0;
		};
/* End PBXFrameworksBuildPhase section */

/* Begin PBXGroup section */
		4257688D1FF8D7A600EA5DCA /* SudokuTest */ = {
			isa = PBXGroup;
			children = (
				4257688E1FF8D7A600EA5DCA /* SudokuTest.swift */,
				425768901FF8D7A600EA5DCA /* Info.plist */,
			);
			path = SudokuTest;
			sourceTree = "<group>";
		};
		427F37F71FF55E670075228E = {
			isa = PBXGroup;
			children = (
				427F38021FF55E670075228E /* sudoku */,
				4257688D1FF8D7A600EA5DCA /* SudokuTest */,
				427F38011FF55E670075228E /* Products */,
			);
			sourceTree = "<group>";
		};
		427F38011FF55E670075228E /* Products */ = {
			isa = PBXGroup;
			children = (
				427F38001FF55E670075228E /* sudoku */,
				4257688C1FF8D7A600EA5DCA /* SudokuTest.xctest */,
			);
			name = Products;
			sourceTree = "<group>";
		};
		427F38021FF55E670075228E /* sudoku */ = {
			isa = PBXGroup;
			children = (
				427F38031FF55E670075228E /* main.swift */,
				427F380A1FF55E8A0075228E /* sudoku.swift */,
			);
			path = sudoku;
			sourceTree = "<group>";
		};
/* End PBXGroup section */

/* Begin PBXNativeTarget section */
		4257688B1FF8D7A600EA5DCA /* SudokuTest */ = {
			isa = PBXNativeTarget;
			buildConfigurationList = 425768931FF8D7A600EA5DCA /* Build configuration list for PBXNativeTarget "SudokuTest" */;
			buildPhases = (
				425768881FF8D7A600EA5DCA /* Sources */,
				425768891FF8D7A600EA5DCA /* Frameworks */,
				4257688A1FF8D7A600EA5DCA /* Resources */,
			);
			buildRules = (
			);
			dependencies = (
			);
			name = SudokuTest;
			productName = SudokuTest;
			productReference = 4257688C1FF8D7A600EA5DCA /* SudokuTest.xctest */;
			productType = "com.apple.product-type.bundle.unit-test";
		};
		427F37FF1FF55E670075228E /* sudoku */ = {
			isa = PBXNativeTarget;
			buildConfigurationList = 427F38071FF55E670075228E /* Build configuration list for PBXNativeTarget "sudoku" */;
			buildPhases = (
				427F37FC1FF55E670075228E /* Sources */,
				427F37FD1FF55E670075228E /* Frameworks */,
				427F37FE1FF55E670075228E /* CopyFiles */,
			);
			buildRules = (
			);
			dependencies = (
			);
			name = sudoku;
			productName = sudoku;
			productReference = 427F38001FF55E670075228E /* sudoku */;
			productType = "com.apple.product-type.tool";
		};
/* End PBXNativeTarget section */

/* Begin PBXProject section */
		427F37F81FF55E670075228E /* Project object */ = {
			isa = PBXProject;
			attributes = {
				LastSwiftUpdateCheck = 0920;
				LastUpgradeCheck = 0920;
				ORGANIZATIONNAME = "Giovanni Grano";
				TargetAttributes = {
					4257688B1FF8D7A600EA5DCA = {
						CreatedOnToolsVersion = 9.2;
						ProvisioningStyle = Automatic;
					};
					427F37FF1FF55E670075228E = {
						CreatedOnToolsVersion = 9.2;
						ProvisioningStyle = Automatic;
					};
				};
			};
			buildConfigurationList = 427F37FB1FF55E670075228E /* Build configuration list for PBXProject "sudoku" */;
			compatibilityVersion = "Xcode 8.0";
			developmentRegion = en;
			hasScannedForEncodings = 0;
			knownRegions = (
				en,
			);
			mainGroup = 427F37F71FF55E670075228E;
			productRefGroup = 427F38011FF55E670075228E /* Products */;
			projectDirPath = "";
			projectRoot = "";
			targets = (
				427F37FF1FF55E670075228E /* sudoku */,
				4257688B1FF8D7A600EA5DCA /* SudokuTest */,
			);
		};
/* End PBXProject section */

/* Begin PBXResourcesBuildPhase section */
		4257688A1FF8D7A600EA5DCA /* Resources */ = {
			isa = PBXResourcesBuildPhase;
			buildActionMask = 2147483647;
			files = (
			);
			runOnlyForDeploymentPostprocessing = 0;
		};
/* End PBXResourcesBuildPhase section */

/* Begin PBXSourcesBuildPhase section */
		425768881FF8D7A600EA5DCA /* Sources */ = {
			isa = PBXSourcesBuildPhase;
			buildActionMask = 2147483647;
			files = (
				42AF42AA1FF8DE6800E695DF /* sudoku.swift in Sources */,
				42AF42A91FF8DE6500E695DF /* main.swift in Sources */,
				4257688F1FF8D7A600EA5DCA /* SudokuTest.swift in Sources */,
			);
			runOnlyForDeploymentPostprocessing = 0;
		};
		427F37FC1FF55E670075228E /* Sources */ = {
			isa = PBXSourcesBuildPhase;
			buildActionMask = 2147483647;
			files = (
				427F380B1FF55E8A0075228E /* sudoku.swift in Sources */,
				427F38041FF55E670075228E /* main.swift in Sources */,
			);
			runOnlyForDeploymentPostprocessing = 0;
		};
/* End PBXSourcesBuildPhase section */

/* Begin XCBuildConfiguration section */
		425768911FF8D7A600EA5DCA /* Debug */ = {
			isa = XCBuildConfiguration;
			buildSettings = {
				CODE_SIGN_STYLE = Automatic;
				COMBINE_HIDPI_IMAGES = YES;
				DEVELOPMENT_TEAM = 93Y79F553H;
				INFOPLIST_FILE = SudokuTest/Info.plist;
				LD_RUNPATH_SEARCH_PATHS = "$(inherited) @executable_path/../Frameworks @loader_path/../Frameworks";
				PRODUCT_BUNDLE_IDENTIFIER = ch.ifi.seal.gio.SudokuTest;
				PRODUCT_NAME = "$(TARGET_NAME)";
				SWIFT_VERSION = 4.0;
			};
			name = Debug;
		};
		425768921FF8D7A600EA5DCA /* Release */ = {
			isa = XCBuildConfiguration;
			buildSettings = {
				CODE_SIGN_STYLE = Automatic;
				COMBINE_HIDPI_IMAGES = YES;
				DEVELOPMENT_TEAM = 93Y79F553H;
				INFOPLIST_FILE = SudokuTest/Info.plist;
				LD_RUNPATH_SEARCH_PATHS = "$(inherited) @executable_path/../Frameworks @loader_path/../Frameworks";
				PRODUCT_BUNDLE_IDENTIFIER = ch.ifi.seal.gio.SudokuTest;
				PRODUCT_NAME = "$(TARGET_NAME)";
				SWIFT_VERSION = 4.0;
			};
			name = Release;
		};
		427F38051FF55E670075228E /* Debug */ = {
			isa = XCBuildConfiguration;
			buildSettings = {
				ALWAYS_SEARCH_USER_PATHS = NO;
				CLANG_ANALYZER_NONNULL = YES;
				CLANG_ANALYZER_NUMBER_OBJECT_CONVERSION = YES_AGGRESSIVE;
				CLANG_CXX_LANGUAGE_STANDARD = "gnu++14";
				CLANG_CXX_LIBRARY = "libc++";
				CLANG_ENABLE_MODULES = YES;
				CLANG_ENABLE_OBJC_ARC = YES;
				CLANG_WARN_BLOCK_CAPTURE_AUTORELEASING = YES;
				CLANG_WARN_BOOL_CONVERSION = YES;
				CLANG_WARN_COMMA = YES;
				CLANG_WARN_CONSTANT_CONVERSION = YES;
				CLANG_WARN_DIRECT_OBJC_ISA_USAGE = YES_ERROR;
				CLANG_WARN_DOCUMENTATION_COMMENTS = YES;
				CLANG_WARN_EMPTY_BODY = YES;
				CLANG_WARN_ENUM_CONVERSION = YES;
				CLANG_WARN_INFINITE_RECURSION = YES;
				CLANG_WARN_INT_CONVERSION = YES;
				CLANG_WARN_NON_LITERAL_NULL_CONVERSION = YES;
				CLANG_WARN_OBJC_LITERAL_CONVERSION = YES;
				CLANG_WARN_OBJC_ROOT_CLASS = YES_ERROR;
				CLANG_WARN_RANGE_LOOP_ANALYSIS = YES;
				CLANG_WARN_STRICT_PROTOTYPES = YES;
				CLANG_WARN_SUSPICIOUS_MOVE = YES;
				CLANG_WARN_UNGUARDED_AVAILABILITY = YES_AGGRESSIVE;
				CLANG_WARN_UNREACHABLE_CODE = YES;
				CLANG_WARN__DUPLICATE_METHOD_MATCH = YES;
				CODE_SIGN_IDENTITY = "Mac Developer";
				COPY_PHASE_STRIP = NO;
				DEBUG_INFORMATION_FORMAT = dwarf;
				ENABLE_STRICT_OBJC_MSGSEND = YES;
				ENABLE_TESTABILITY = YES;
				GCC_C_LANGUAGE_STANDARD = gnu11;
				GCC_DYNAMIC_NO_PIC = NO;
				GCC_NO_COMMON_BLOCKS = YES;
				GCC_OPTIMIZATION_LEVEL = 0;
				GCC_PREPROCESSOR_DEFINITIONS = (
					"DEBUG=1",
					"$(inherited)",
				);
				GCC_WARN_64_TO_32_BIT_CONVERSION = YES;
				GCC_WARN_ABOUT_RETURN_TYPE = YES_ERROR;
				GCC_WARN_UNDECLARED_SELECTOR = YES;
				GCC_WARN_UNINITIALIZED_AUTOS = YES_AGGRESSIVE;
				GCC_WARN_UNUSED_FUNCTION = YES;
				GCC_WARN_UNUSED_VARIABLE = YES;
				MACOSX_DEPLOYMENT_TARGET = 10.13;
				MTL_ENABLE_DEBUG_INFO = YES;
				ONLY_ACTIVE_ARCH = YES;
				SDKROOT = macosx;
				SWIFT_ACTIVE_COMPILATION_CONDITIONS = DEBUG;
				SWIFT_OPTIMIZATION_LEVEL = "-Onone";
			};
			name = Debug;
		};
		427F38061FF55E670075228E /* Release */ = {
			isa = XCBuildConfiguration;
			buildSettings = {
				ALWAYS_SEARCH_USER_PATHS = NO;
				CLANG_ANALYZER_NONNULL = YES;
				CLANG_ANALYZER_NUMBER_OBJECT_CONVERSION = YES_AGGRESSIVE;
				CLANG_CXX_LANGUAGE_STANDARD = "gnu++14";
				CLANG_CXX_LIBRARY = "libc++";
				CLANG_ENABLE_MODULES = YES;
				CLANG_ENABLE_OBJC_ARC = YES;
				CLANG_WARN_BLOCK_CAPTURE_AUTORELEASING = YES;
				CLANG_WARN_BOOL_CONVERSION = YES;
				CLANG_WARN_COMMA = YES;
				CLANG_WARN_CONSTANT_CONVERSION = YES;
				CLANG_WARN_DIRECT_OBJC_ISA_USAGE = YES_ERROR;
				CLANG_WARN_DOCUMENTATION_COMMENTS = YES;
				CLANG_WARN_EMPTY_BODY = YES;
				CLANG_WARN_ENUM_CONVERSION = YES;
				CLANG_WARN_INFINITE_RECURSION = YES;
				CLANG_WARN_INT_CONVERSION = YES;
				CLANG_WARN_NON_LITERAL_NULL_CONVERSION = YES;
				CLANG_WARN_OBJC_LITERAL_CONVERSION = YES;
				CLANG_WARN_OBJC_ROOT_CLASS = YES_ERROR;
				CLANG_WARN_RANGE_LOOP_ANALYSIS = YES;
				CLANG_WARN_STRICT_PROTOTYPES = YES;
				CLANG_WARN_SUSPICIOUS_MOVE = YES;
				CLANG_WARN_UNGUARDED_AVAILABILITY = YES_AGGRESSIVE;
				CLANG_WARN_UNREACHABLE_CODE = YES;
				CLANG_WARN__DUPLICATE_METHOD_MATCH = YES;
				CODE_SIGN_IDENTITY = "Mac Developer";
				COPY_PHASE_STRIP = NO;
				DEBUG_INFORMATION_FORMAT = "dwarf-with-dsym";
				ENABLE_NS_ASSERTIONS = NO;
				ENABLE_STRICT_OBJC_MSGSEND = YES;
				GCC_C_LANGUAGE_STANDARD = gnu11;
				GCC_NO_COMMON_BLOCKS = YES;
				GCC_WARN_64_TO_32_BIT_CONVERSION = YES;
				GCC_WARN_ABOUT_RETURN_TYPE = YES_ERROR;
				GCC_WARN_UNDECLARED_SELECTOR = YES;
				GCC_WARN_UNINITIALIZED_AUTOS = YES_AGGRESSIVE;
				GCC_WARN_UNUSED_FUNCTION = YES;
				GCC_WARN_UNUSED_VARIABLE = YES;
				MACOSX_DEPLOYMENT_TARGET = 10.13;
				MTL_ENABLE_DEBUG_INFO = NO;
				SDKROOT = macosx;
				SWIFT_OPTIMIZATION_LEVEL = "-Owholemodule";
			};
			name = Release;
		};
		427F38081FF55E670075228E /* Debug */ = {
			isa = XCBuildConfiguration;
			buildSettings = {
				CODE_SIGN_STYLE = Automatic;
				DEVELOPMENT_TEAM = 93Y79F553H;
				PRODUCT_NAME = "$(TARGET_NAME)";
				SWIFT_VERSION = 4.0;
			};
			name = Debug;
		};
		427F38091FF55E670075228E /* Release */ = {
			isa = XCBuildConfiguration;
			buildSettings = {
				CODE_SIGN_STYLE = Automatic;
				DEVELOPMENT_TEAM = 93Y79F553H;
				PRODUCT_NAME = "$(TARGET_NAME)";
				SWIFT_VERSION = 4.0;
			};
			name = Release;
		};
/* End XCBuildConfiguration section */

/* Begin XCConfigurationList section */
		425768931FF8D7A600EA5DCA /* Build configuration list for PBXNativeTarget "SudokuTest" */ = {
			isa = XCConfigurationList;
			buildConfigurations = (
				425768911FF8D7A600EA5DCA /* Debug */,
				425768921FF8D7A600EA5DCA /* Release */,
			);
			defaultConfigurationIsVisible = 0;
			defaultConfigurationName = Release;
		};
		427F37FB1FF55E670075228E /* Build configuration list for PBXProject "sudoku" */ = {
			isa = XCConfigurationList;
			buildConfigurations = (
				427F38051FF55E670075228E /* Debug */,
				427F38061FF55E670075228E /* Release */,
			);
			defaultConfigurationIsVisible = 0;
			defaultConfigurationName = Release;
		};
		427F38071FF55E670075228E /* Build configuration list for PBXNativeTarget "sudoku" */ = {
			isa = XCConfigurationList;
			buildConfigurations = (
				427F38081FF55E670075228E /* Debug */,
				427F38091FF55E670075228E /* Release */,
			);
			defaultConfigurationIsVisible = 0;
			defaultConfigurationName = Release;
		};
/* End XCConfigurationList section */
	};
	rootObject = 427F37F81FF55E670075228E /* Project object */;
}
